// !$*UTF8*$!
{
	archiveVersion = 1;
	classes = {
	};
	objectVersion = 54;
	objects = {

/* Begin PBXBuildFile section */
		A002A434267470CC00FFB271 /* FontCommands.swift in Sources */ = {isa = PBXBuildFile; fileRef = A002A432267470CC00FFB271 /* FontCommands.swift */; };
		A01255FF2686E4EC00727630 /* Timer.swift in Sources */ = {isa = PBXBuildFile; fileRef = A01255FE2686E4EC00727630 /* Timer.swift */; };
		A01256002686E4EC00727630 /* Timer.swift in Sources */ = {isa = PBXBuildFile; fileRef = A01255FE2686E4EC00727630 /* Timer.swift */; };
		A01BDE0128309A2A008296EE /* Task+sleep.swift in Sources */ = {isa = PBXBuildFile; fileRef = A01BDE0028309A2A008296EE /* Task+sleep.swift */; };
		A01BDE0228309AF6008296EE /* Task+sleep.swift in Sources */ = {isa = PBXBuildFile; fileRef = A01BDE0028309A2A008296EE /* Task+sleep.swift */; };
		A02491742CDEF64E00AED935 /* Localizable.xcstrings in Resources */ = {isa = PBXBuildFile; fileRef = A02491732CDEF64E00AED935 /* Localizable.xcstrings */; };
		A02491762CDEF65900AED935 /* Localizable.xcstrings in Resources */ = {isa = PBXBuildFile; fileRef = A02491752CDEF65900AED935 /* Localizable.xcstrings */; };
		A024917B2CDF089500AED935 /* ThemePicker.swift in Sources */ = {isa = PBXBuildFile; fileRef = A024917A2CDF089500AED935 /* ThemePicker.swift */; };
		A024917C2CDF089500AED935 /* ThemePicker.swift in Sources */ = {isa = PBXBuildFile; fileRef = A024917A2CDF089500AED935 /* ThemePicker.swift */; };
		A025926726EC87D700B8324F /* SettingsView.swift in Sources */ = {isa = PBXBuildFile; fileRef = A025926626EC877B00B8324F /* SettingsView.swift */; };
		A02F1DAE299248D2003BD5EB /* ThemePreview.swift in Sources */ = {isa = PBXBuildFile; fileRef = A02F1DAD299248D2003BD5EB /* ThemePreview.swift */; };
		A02F1DAF299248D2003BD5EB /* ThemePreview.swift in Sources */ = {isa = PBXBuildFile; fileRef = A02F1DAD299248D2003BD5EB /* ThemePreview.swift */; };
		A03930F32712889B005CAEF1 /* ContentView.swift in Sources */ = {isa = PBXBuildFile; fileRef = A03930F22712889B005CAEF1 /* ContentView.swift */; };
		A03930F5271293E5005CAEF1 /* ShareSheet.swift in Sources */ = {isa = PBXBuildFile; fileRef = A03930F4271293E5005CAEF1 /* ShareSheet.swift */; };
		A03C9A6C26ECA0950033C0F6 /* TextEditorView.swift in Sources */ = {isa = PBXBuildFile; fileRef = A03C9A6B26ECA0950033C0F6 /* TextEditorView.swift */; };
		A0413E45298D150000422D37 /* Preferences.swift in Sources */ = {isa = PBXBuildFile; fileRef = A0413E44298D150000422D37 /* Preferences.swift */; };
		A0413E46298D150000422D37 /* Preferences.swift in Sources */ = {isa = PBXBuildFile; fileRef = A0413E44298D150000422D37 /* Preferences.swift */; };
		A05C539F266B68D000CD45BB /* TextEditorView.swift in Sources */ = {isa = PBXBuildFile; fileRef = A05C539E266B68D000CD45BB /* TextEditorView.swift */; };
		A05C53A3266B8F9800CD45BB /* SettingsView.swift in Sources */ = {isa = PBXBuildFile; fileRef = A05C53A2266B8F9800CD45BB /* SettingsView.swift */; };
		A05C53A5266B901100CD45BB /* GeneralSettingsView.swift in Sources */ = {isa = PBXBuildFile; fileRef = A05C53A4266B901100CD45BB /* GeneralSettingsView.swift */; };
		A05C53A7266B97DC00CD45BB /* Theme.swift in Sources */ = {isa = PBXBuildFile; fileRef = A05C53A6266B97DC00CD45BB /* Theme.swift */; };
		A05C53A8266B97DC00CD45BB /* Theme.swift in Sources */ = {isa = PBXBuildFile; fileRef = A05C53A6266B97DC00CD45BB /* Theme.swift */; };
		A05C53A9266B97DC00CD45BB /* Theme.swift in Sources */ = {isa = PBXBuildFile; fileRef = A05C53A6266B97DC00CD45BB /* Theme.swift */; };
		A05C53AA266B97DC00CD45BB /* Theme.swift in Sources */ = {isa = PBXBuildFile; fileRef = A05C53A6266B97DC00CD45BB /* Theme.swift */; };
		A05C53E3266BA14D00CD45BB /* iAWriterDuoV.ttf in Resources */ = {isa = PBXBuildFile; fileRef = A05C53AF266BA14C00CD45BB /* iAWriterDuoV.ttf */; };
		A05C53E4266BA14D00CD45BB /* iAWriterDuoV.ttf in Resources */ = {isa = PBXBuildFile; fileRef = A05C53AF266BA14C00CD45BB /* iAWriterDuoV.ttf */; };
		A05C53E5266BA14D00CD45BB /* iAWriterDuoV.ttf in Resources */ = {isa = PBXBuildFile; fileRef = A05C53AF266BA14C00CD45BB /* iAWriterDuoV.ttf */; };
		A05C53E6266BA14D00CD45BB /* iAWriterDuoV.ttf in Resources */ = {isa = PBXBuildFile; fileRef = A05C53AF266BA14C00CD45BB /* iAWriterDuoV.ttf */; };
		A05C542F266BA14D00CD45BB /* iAWriterQuattroV.ttf in Resources */ = {isa = PBXBuildFile; fileRef = A05C53C6266BA14D00CD45BB /* iAWriterQuattroV.ttf */; };
		A05C5430266BA14D00CD45BB /* iAWriterQuattroV.ttf in Resources */ = {isa = PBXBuildFile; fileRef = A05C53C6266BA14D00CD45BB /* iAWriterQuattroV.ttf */; };
		A05C5431266BA14D00CD45BB /* iAWriterQuattroV.ttf in Resources */ = {isa = PBXBuildFile; fileRef = A05C53C6266BA14D00CD45BB /* iAWriterQuattroV.ttf */; };
		A05C5432266BA14D00CD45BB /* iAWriterQuattroV.ttf in Resources */ = {isa = PBXBuildFile; fileRef = A05C53C6266BA14D00CD45BB /* iAWriterQuattroV.ttf */; };
		A05C547C266BA22500CD45BB /* Font.swift in Sources */ = {isa = PBXBuildFile; fileRef = A05C547B266BA22500CD45BB /* Font.swift */; };
		A05C547D266BA22500CD45BB /* Font.swift in Sources */ = {isa = PBXBuildFile; fileRef = A05C547B266BA22500CD45BB /* Font.swift */; };
		A05C547E266BA22500CD45BB /* Font.swift in Sources */ = {isa = PBXBuildFile; fileRef = A05C547B266BA22500CD45BB /* Font.swift */; };
		A05C547F266BA22500CD45BB /* Font.swift in Sources */ = {isa = PBXBuildFile; fileRef = A05C547B266BA22500CD45BB /* Font.swift */; };
		A05C5481266BB13B00CD45BB /* Color.swift in Sources */ = {isa = PBXBuildFile; fileRef = A05C5480266BB13B00CD45BB /* Color.swift */; };
		A05C5482266BB13B00CD45BB /* Color.swift in Sources */ = {isa = PBXBuildFile; fileRef = A05C5480266BB13B00CD45BB /* Color.swift */; };
		A0749B142698730000CEFBC1 /* ViewCommands.swift in Sources */ = {isa = PBXBuildFile; fileRef = A0749B122698730000CEFBC1 /* ViewCommands.swift */; };
		A09314D5267CAA8F00F7B736 /* EditorViewModel.swift in Sources */ = {isa = PBXBuildFile; fileRef = A09314D4267CAA8F00F7B736 /* EditorViewModel.swift */; };
		A09314D6267CAA8F00F7B736 /* EditorViewModel.swift in Sources */ = {isa = PBXBuildFile; fileRef = A09314D4267CAA8F00F7B736 /* EditorViewModel.swift */; };
		A0997F172702B706003EDD8C /* AboutView.swift in Sources */ = {isa = PBXBuildFile; fileRef = A0997F162702B706003EDD8C /* AboutView.swift */; };
		A09A9B5429BDFCF1000C3880 /* Haptics.swift in Sources */ = {isa = PBXBuildFile; fileRef = A09A9B5329BDFCF1000C3880 /* Haptics.swift */; };
		A0A7464726072E0200155F4D /* iAWriterMonoV.ttf in Resources */ = {isa = PBXBuildFile; fileRef = A0A7463026072E0200155F4D /* iAWriterMonoV.ttf */; };
		A0A7464826072E0200155F4D /* iAWriterMonoV.ttf in Resources */ = {isa = PBXBuildFile; fileRef = A0A7463026072E0200155F4D /* iAWriterMonoV.ttf */; };
		A0A7C78B2605CBE5001708EE /* PagiDocument.swift in Sources */ = {isa = PBXBuildFile; fileRef = A0A7C78A2605CBE5001708EE /* PagiDocument.swift */; };
		A0A7C78C2605CBE5001708EE /* PagiDocument.swift in Sources */ = {isa = PBXBuildFile; fileRef = A0A7C78A2605CBE5001708EE /* PagiDocument.swift */; };
		A0AA0B3E29E276CA00327101 /* UTType.swift in Sources */ = {isa = PBXBuildFile; fileRef = A0AA0B3D29E276CA00327101 /* UTType.swift */; };
		A0AA0B3F29E276CA00327101 /* UTType.swift in Sources */ = {isa = PBXBuildFile; fileRef = A0AA0B3D29E276CA00327101 /* UTType.swift */; };
		A0AA0B4129E27DB000327101 /* FileType.swift in Sources */ = {isa = PBXBuildFile; fileRef = A0AA0B4029E27DB000327101 /* FileType.swift */; };
		A0AA0B4229E27DB000327101 /* FileType.swift in Sources */ = {isa = PBXBuildFile; fileRef = A0AA0B4029E27DB000327101 /* FileType.swift */; };
		A0AFEE7029444C0300C4B2A7 /* View.swift in Sources */ = {isa = PBXBuildFile; fileRef = A0AFEE6F29444C0300C4B2A7 /* View.swift */; };
		A0AFEE7129444C6400C4B2A7 /* View.swift in Sources */ = {isa = PBXBuildFile; fileRef = A0AFEE6F29444C0300C4B2A7 /* View.swift */; };
		A0B696F42828A3A20079433C /* FindCommands.swift in Sources */ = {isa = PBXBuildFile; fileRef = A0B696F22828A3A20079433C /* FindCommands.swift */; };
		A0CA5840288D30980050442A /* FocusCommands.swift in Sources */ = {isa = PBXBuildFile; fileRef = A0CA583E288D30980050442A /* FocusCommands.swift */; };
		A0CA5842288D32BB0050442A /* FocusType.swift in Sources */ = {isa = PBXBuildFile; fileRef = A0CA5841288D32BB0050442A /* FocusType.swift */; };
		A0CA5843288D32BB0050442A /* FocusType.swift in Sources */ = {isa = PBXBuildFile; fileRef = A0CA5841288D32BB0050442A /* FocusType.swift */; };
		A0CFB8C729A71B6900563EF6 /* HelpCommands.swift in Sources */ = {isa = PBXBuildFile; fileRef = A0CFB8C529A71B6900563EF6 /* HelpCommands.swift */; };
		A0CFB8C929A71D6F00563EF6 /* Scene+windowNotResizable.swift in Sources */ = {isa = PBXBuildFile; fileRef = A0CFB8C829A71D6F00563EF6 /* Scene+windowNotResizable.swift */; };
		A0CFB8CA29A71D6F00563EF6 /* Scene+windowNotResizable.swift in Sources */ = {isa = PBXBuildFile; fileRef = A0CFB8C829A71D6F00563EF6 /* Scene+windowNotResizable.swift */; };
		A0D6D2B8296CF86A00642AB4 /* FocusCommands.swift in Sources */ = {isa = PBXBuildFile; fileRef = A0CA583E288D30980050442A /* FocusCommands.swift */; };
		A0D6D2B9296D106F00642AB4 /* FontCommands.swift in Sources */ = {isa = PBXBuildFile; fileRef = A002A432267470CC00FFB271 /* FontCommands.swift */; };
		A0D6D2BC296D120900642AB4 /* ViewCommands.swift in Sources */ = {isa = PBXBuildFile; fileRef = A0D6D2BB296D120900642AB4 /* ViewCommands.swift */; };
		A0EDD01526D8ECAE0051D15B /* AppearanceSettingsView.swift in Sources */ = {isa = PBXBuildFile; fileRef = A0EDD01426D8ECAE0051D15B /* AppearanceSettingsView.swift */; };
		A0EE19F526044F2200586065 /* Tests_iOS.swift in Sources */ = {isa = PBXBuildFile; fileRef = A0EE19F426044F2200586065 /* Tests_iOS.swift */; };
		A0EE1A0026044F2200586065 /* Tests_macOS.swift in Sources */ = {isa = PBXBuildFile; fileRef = A0EE19FF26044F2200586065 /* Tests_macOS.swift */; };
		A0EE1A0226044F2200586065 /* PagiApp.swift in Sources */ = {isa = PBXBuildFile; fileRef = A0EE19D926044F2100586065 /* PagiApp.swift */; };
		A0EE1A0326044F2200586065 /* PagiApp.swift in Sources */ = {isa = PBXBuildFile; fileRef = A0EE19D926044F2100586065 /* PagiApp.swift */; };
		A0EE1A0526044F2200586065 /* ContentView.swift in Sources */ = {isa = PBXBuildFile; fileRef = A0EE19DA26044F2100586065 /* ContentView.swift */; };
		A0EE1A0626044F2200586065 /* Assets.xcassets in Resources */ = {isa = PBXBuildFile; fileRef = A0EE19DB26044F2200586065 /* Assets.xcassets */; };
		A0EE1A0726044F2200586065 /* Assets.xcassets in Resources */ = {isa = PBXBuildFile; fileRef = A0EE19DB26044F2200586065 /* Assets.xcassets */; };
		A0EE1A1B26044F4200586065 /* ProgressBar.swift in Sources */ = {isa = PBXBuildFile; fileRef = A0EE1A1A26044F4200586065 /* ProgressBar.swift */; };
		A0EE1A1C26044F4200586065 /* ProgressBar.swift in Sources */ = {isa = PBXBuildFile; fileRef = A0EE1A1A26044F4200586065 /* ProgressBar.swift */; };
		A0EE1A2226044F8000586065 /* Editor.swift in Sources */ = {isa = PBXBuildFile; fileRef = A0EE1A2126044F8000586065 /* Editor.swift */; };
		A0EE1A2326044F8000586065 /* Editor.swift in Sources */ = {isa = PBXBuildFile; fileRef = A0EE1A2126044F8000586065 /* Editor.swift */; };
		A0F5E63C29A703F6008AD297 /* AboutView.swift in Sources */ = {isa = PBXBuildFile; fileRef = A0F5E63B29A703F6008AD297 /* AboutView.swift */; };
/* End PBXBuildFile section */

/* Begin PBXContainerItemProxy section */
		A0EE19F126044F2200586065 /* PBXContainerItemProxy */ = {
			isa = PBXContainerItemProxy;
			containerPortal = A0EE19D426044F2000586065 /* Project object */;
			proxyType = 1;
			remoteGlobalIDString = A0EE19DF26044F2200586065;
			remoteInfo = "Morning Pages (iOS)";
		};
		A0EE19FC26044F2200586065 /* PBXContainerItemProxy */ = {
			isa = PBXContainerItemProxy;
			containerPortal = A0EE19D426044F2000586065 /* Project object */;
			proxyType = 1;
			remoteGlobalIDString = A0EE19E726044F2200586065;
			remoteInfo = "Morning Pages (macOS)";
		};
/* End PBXContainerItemProxy section */

/* Begin PBXFileReference section */
		A002A432267470CC00FFB271 /* FontCommands.swift */ = {isa = PBXFileReference; lastKnownFileType = sourcecode.swift; path = FontCommands.swift; sourceTree = "<group>"; };
		A01255FE2686E4EC00727630 /* Timer.swift */ = {isa = PBXFileReference; lastKnownFileType = sourcecode.swift; name = Timer.swift; path = Shared/Timer.swift; sourceTree = SOURCE_ROOT; };
		A01BDE0028309A2A008296EE /* Task+sleep.swift */ = {isa = PBXFileReference; lastKnownFileType = sourcecode.swift; path = "Task+sleep.swift"; sourceTree = "<group>"; };
		A02491732CDEF64E00AED935 /* Localizable.xcstrings */ = {isa = PBXFileReference; lastKnownFileType = text.json.xcstrings; path = Localizable.xcstrings; sourceTree = "<group>"; };
		A02491752CDEF65900AED935 /* Localizable.xcstrings */ = {isa = PBXFileReference; lastKnownFileType = text.json.xcstrings; path = Localizable.xcstrings; sourceTree = "<group>"; };
		A024917A2CDF089500AED935 /* ThemePicker.swift */ = {isa = PBXFileReference; lastKnownFileType = sourcecode.swift; path = ThemePicker.swift; sourceTree = "<group>"; };
		A025926626EC877B00B8324F /* SettingsView.swift */ = {isa = PBXFileReference; lastKnownFileType = sourcecode.swift; path = SettingsView.swift; sourceTree = "<group>"; };
		A02F1DAD299248D2003BD5EB /* ThemePreview.swift */ = {isa = PBXFileReference; lastKnownFileType = sourcecode.swift; path = ThemePreview.swift; sourceTree = "<group>"; };
		A03930F22712889B005CAEF1 /* ContentView.swift */ = {isa = PBXFileReference; lastKnownFileType = sourcecode.swift; path = ContentView.swift; sourceTree = "<group>"; };
		A03930F4271293E5005CAEF1 /* ShareSheet.swift */ = {isa = PBXFileReference; lastKnownFileType = sourcecode.swift; path = ShareSheet.swift; sourceTree = "<group>"; };
		A03C9A6B26ECA0950033C0F6 /* TextEditorView.swift */ = {isa = PBXFileReference; lastKnownFileType = sourcecode.swift; path = TextEditorView.swift; sourceTree = "<group>"; };
		A0413E44298D150000422D37 /* Preferences.swift */ = {isa = PBXFileReference; lastKnownFileType = sourcecode.swift; path = Preferences.swift; sourceTree = "<group>"; };
		A05C539E266B68D000CD45BB /* TextEditorView.swift */ = {isa = PBXFileReference; lastKnownFileType = sourcecode.swift; path = TextEditorView.swift; sourceTree = "<group>"; };
		A05C53A2266B8F9800CD45BB /* SettingsView.swift */ = {isa = PBXFileReference; lastKnownFileType = sourcecode.swift; path = SettingsView.swift; sourceTree = "<group>"; };
		A05C53A4266B901100CD45BB /* GeneralSettingsView.swift */ = {isa = PBXFileReference; lastKnownFileType = sourcecode.swift; path = GeneralSettingsView.swift; sourceTree = "<group>"; };
		A05C53A6266B97DC00CD45BB /* Theme.swift */ = {isa = PBXFileReference; lastKnownFileType = sourcecode.swift; path = Theme.swift; sourceTree = "<group>"; };
		A05C53AC266BA14C00CD45BB /* LICENSE.md */ = {isa = PBXFileReference; fileEncoding = 4; lastKnownFileType = net.daringfireball.markdown; path = LICENSE.md; sourceTree = "<group>"; };
		A05C53AE266BA14C00CD45BB /* iAWriterDuoV-Italic.ttf */ = {isa = PBXFileReference; lastKnownFileType = file; path = "iAWriterDuoV-Italic.ttf"; sourceTree = "<group>"; };
		A05C53AF266BA14C00CD45BB /* iAWriterDuoV.ttf */ = {isa = PBXFileReference; lastKnownFileType = file; path = iAWriterDuoV.ttf; sourceTree = "<group>"; };
		A05C53B0266BA14C00CD45BB /* Readme.md */ = {isa = PBXFileReference; fileEncoding = 4; lastKnownFileType = net.daringfireball.markdown; path = Readme.md; sourceTree = "<group>"; };
		A05C53B2266BA14C00CD45BB /* iAWriterDuoS-Regular.woff */ = {isa = PBXFileReference; lastKnownFileType = file; path = "iAWriterDuoS-Regular.woff"; sourceTree = "<group>"; };
		A05C53B3266BA14C00CD45BB /* iAWriterDuoS-BoldItalic.woff2 */ = {isa = PBXFileReference; lastKnownFileType = file; path = "iAWriterDuoS-BoldItalic.woff2"; sourceTree = "<group>"; };
		A05C53B4266BA14C00CD45BB /* iAWriterDuoS-Bold.eot */ = {isa = PBXFileReference; lastKnownFileType = file; path = "iAWriterDuoS-Bold.eot"; sourceTree = "<group>"; };
		A05C53B5266BA14C00CD45BB /* iAWriterDuoS-Regular.woff2 */ = {isa = PBXFileReference; lastKnownFileType = file; path = "iAWriterDuoS-Regular.woff2"; sourceTree = "<group>"; };
		A05C53B6266BA14C00CD45BB /* iAWriterDuoS-Italic.eot */ = {isa = PBXFileReference; lastKnownFileType = file; path = "iAWriterDuoS-Italic.eot"; sourceTree = "<group>"; };
		A05C53B7266BA14C00CD45BB /* iAWriterDuoS-Bold.woff */ = {isa = PBXFileReference; lastKnownFileType = file; path = "iAWriterDuoS-Bold.woff"; sourceTree = "<group>"; };
		A05C53B8266BA14C00CD45BB /* iAWriterDuoS-BoldItalic.eot */ = {isa = PBXFileReference; lastKnownFileType = file; path = "iAWriterDuoS-BoldItalic.eot"; sourceTree = "<group>"; };
		A05C53B9266BA14C00CD45BB /* iAWriterDuoS-Bold.woff2 */ = {isa = PBXFileReference; lastKnownFileType = file; path = "iAWriterDuoS-Bold.woff2"; sourceTree = "<group>"; };
		A05C53BA266BA14C00CD45BB /* iAWriterDuoS-Italic.woff2 */ = {isa = PBXFileReference; lastKnownFileType = file; path = "iAWriterDuoS-Italic.woff2"; sourceTree = "<group>"; };
		A05C53BB266BA14C00CD45BB /* iAWriterDuoS-Regular.eot */ = {isa = PBXFileReference; lastKnownFileType = file; path = "iAWriterDuoS-Regular.eot"; sourceTree = "<group>"; };
		A05C53BC266BA14C00CD45BB /* iAWriterDuoS-BoldItalic.woff */ = {isa = PBXFileReference; lastKnownFileType = file; path = "iAWriterDuoS-BoldItalic.woff"; sourceTree = "<group>"; };
		A05C53BD266BA14C00CD45BB /* iAWriterDuoS-Italic.woff */ = {isa = PBXFileReference; lastKnownFileType = file; path = "iAWriterDuoS-Italic.woff"; sourceTree = "<group>"; };
		A05C53BF266BA14C00CD45BB /* iAWriterDuoS-Italic.ttf */ = {isa = PBXFileReference; lastKnownFileType = file; path = "iAWriterDuoS-Italic.ttf"; sourceTree = "<group>"; };
		A05C53C0266BA14C00CD45BB /* iAWriterDuoS-Bold.ttf */ = {isa = PBXFileReference; lastKnownFileType = file; path = "iAWriterDuoS-Bold.ttf"; sourceTree = "<group>"; };
		A05C53C1266BA14C00CD45BB /* iAWriterDuoS-Regular.ttf */ = {isa = PBXFileReference; lastKnownFileType = file; path = "iAWriterDuoS-Regular.ttf"; sourceTree = "<group>"; };
		A05C53C2266BA14D00CD45BB /* iAWriterDuoS-BoldItalic.ttf */ = {isa = PBXFileReference; lastKnownFileType = file; path = "iAWriterDuoS-BoldItalic.ttf"; sourceTree = "<group>"; };
		A05C53C4266BA14D00CD45BB /* LICENSE.md */ = {isa = PBXFileReference; fileEncoding = 4; lastKnownFileType = net.daringfireball.markdown; path = LICENSE.md; sourceTree = "<group>"; };
		A05C53C6266BA14D00CD45BB /* iAWriterQuattroV.ttf */ = {isa = PBXFileReference; lastKnownFileType = file; path = iAWriterQuattroV.ttf; sourceTree = "<group>"; };
		A05C53C7266BA14D00CD45BB /* iAWriterQuattroV-Italic.ttf */ = {isa = PBXFileReference; lastKnownFileType = file; path = "iAWriterQuattroV-Italic.ttf"; sourceTree = "<group>"; };
		A05C53C8266BA14D00CD45BB /* Readme.md */ = {isa = PBXFileReference; fileEncoding = 4; lastKnownFileType = net.daringfireball.markdown; path = Readme.md; sourceTree = "<group>"; };
		A05C53CA266BA14D00CD45BB /* iAWriterQuattroS-Regular.woff */ = {isa = PBXFileReference; lastKnownFileType = file; path = "iAWriterQuattroS-Regular.woff"; sourceTree = "<group>"; };
		A05C53CB266BA14D00CD45BB /* iAWriterQuattroS-BoldItalic.woff2 */ = {isa = PBXFileReference; lastKnownFileType = file; path = "iAWriterQuattroS-BoldItalic.woff2"; sourceTree = "<group>"; };
		A05C53CC266BA14D00CD45BB /* iAWriterQuattroS-Bold.woff2 */ = {isa = PBXFileReference; lastKnownFileType = file; path = "iAWriterQuattroS-Bold.woff2"; sourceTree = "<group>"; };
		A05C53CD266BA14D00CD45BB /* iAWriterQuattroS-Bold.eot */ = {isa = PBXFileReference; lastKnownFileType = file; path = "iAWriterQuattroS-Bold.eot"; sourceTree = "<group>"; };
		A05C53CE266BA14D00CD45BB /* iAWriterQuattroS-Bold.woff */ = {isa = PBXFileReference; lastKnownFileType = file; path = "iAWriterQuattroS-Bold.woff"; sourceTree = "<group>"; };
		A05C53CF266BA14D00CD45BB /* iAWriterQuattroS-BoldItalic.woff */ = {isa = PBXFileReference; lastKnownFileType = file; path = "iAWriterQuattroS-BoldItalic.woff"; sourceTree = "<group>"; };
		A05C53D0266BA14D00CD45BB /* iAWriterQuattroS-Italic.woff */ = {isa = PBXFileReference; lastKnownFileType = file; path = "iAWriterQuattroS-Italic.woff"; sourceTree = "<group>"; };
		A05C53D1266BA14D00CD45BB /* iAWriterQuattroS-Italic.eot */ = {isa = PBXFileReference; lastKnownFileType = file; path = "iAWriterQuattroS-Italic.eot"; sourceTree = "<group>"; };
		A05C53D2266BA14D00CD45BB /* iAWriterQuattroS-Regular.eot */ = {isa = PBXFileReference; lastKnownFileType = file; path = "iAWriterQuattroS-Regular.eot"; sourceTree = "<group>"; };
		A05C53D3266BA14D00CD45BB /* iAWriterQuattroS-Regular.woff2 */ = {isa = PBXFileReference; lastKnownFileType = file; path = "iAWriterQuattroS-Regular.woff2"; sourceTree = "<group>"; };
		A05C53D4266BA14D00CD45BB /* iAWriterQuattroS-Italic.woff2 */ = {isa = PBXFileReference; lastKnownFileType = file; path = "iAWriterQuattroS-Italic.woff2"; sourceTree = "<group>"; };
		A05C53D5266BA14D00CD45BB /* iAWriterQuattroS-BoldItalic.eot */ = {isa = PBXFileReference; lastKnownFileType = file; path = "iAWriterQuattroS-BoldItalic.eot"; sourceTree = "<group>"; };
		A05C53D7266BA14D00CD45BB /* iAWriterQuattroS-BoldItalic.ttf */ = {isa = PBXFileReference; lastKnownFileType = file; path = "iAWriterQuattroS-BoldItalic.ttf"; sourceTree = "<group>"; };
		A05C53D8266BA14D00CD45BB /* iAWriterQuattroS-Bold.ttf */ = {isa = PBXFileReference; lastKnownFileType = file; path = "iAWriterQuattroS-Bold.ttf"; sourceTree = "<group>"; };
		A05C53D9266BA14D00CD45BB /* iAWriterQuattroS-Italic.ttf */ = {isa = PBXFileReference; lastKnownFileType = file; path = "iAWriterQuattroS-Italic.ttf"; sourceTree = "<group>"; };
		A05C53DA266BA14D00CD45BB /* iAWriterQuattroS-Regular.ttf */ = {isa = PBXFileReference; lastKnownFileType = file; path = "iAWriterQuattroS-Regular.ttf"; sourceTree = "<group>"; };
		A05C547B266BA22500CD45BB /* Font.swift */ = {isa = PBXFileReference; lastKnownFileType = sourcecode.swift; path = Font.swift; sourceTree = "<group>"; };
		A05C5480266BB13B00CD45BB /* Color.swift */ = {isa = PBXFileReference; lastKnownFileType = sourcecode.swift; path = Color.swift; sourceTree = "<group>"; };
		A0749B122698730000CEFBC1 /* ViewCommands.swift */ = {isa = PBXFileReference; lastKnownFileType = sourcecode.swift; path = ViewCommands.swift; sourceTree = "<group>"; };
		A08ADF6129A714AB00B24FCD /* iOS Config.xcconfig */ = {isa = PBXFileReference; lastKnownFileType = text.xcconfig; path = "iOS Config.xcconfig"; sourceTree = "<group>"; };
		A09314D4267CAA8F00F7B736 /* EditorViewModel.swift */ = {isa = PBXFileReference; lastKnownFileType = sourcecode.swift; path = EditorViewModel.swift; sourceTree = "<group>"; };
		A0997F162702B706003EDD8C /* AboutView.swift */ = {isa = PBXFileReference; lastKnownFileType = sourcecode.swift; path = AboutView.swift; sourceTree = "<group>"; };
		A09A9B5329BDFCF1000C3880 /* Haptics.swift */ = {isa = PBXFileReference; lastKnownFileType = sourcecode.swift; path = Haptics.swift; sourceTree = "<group>"; };
		A0A7462E26072E0200155F4D /* LICENSE.md */ = {isa = PBXFileReference; fileEncoding = 4; lastKnownFileType = net.daringfireball.markdown; path = LICENSE.md; sourceTree = "<group>"; };
		A0A7463026072E0200155F4D /* iAWriterMonoV.ttf */ = {isa = PBXFileReference; lastKnownFileType = file; path = iAWriterMonoV.ttf; sourceTree = "<group>"; };
		A0A7463126072E0200155F4D /* iAWriterMonoV-Italic.ttf */ = {isa = PBXFileReference; lastKnownFileType = file; path = "iAWriterMonoV-Italic.ttf"; sourceTree = "<group>"; };
		A0A7463226072E0200155F4D /* Readme.md */ = {isa = PBXFileReference; fileEncoding = 4; lastKnownFileType = net.daringfireball.markdown; path = Readme.md; sourceTree = "<group>"; };
		A0A7463426072E0200155F4D /* iAWriterMonoS-Regular.eot */ = {isa = PBXFileReference; lastKnownFileType = file; path = "iAWriterMonoS-Regular.eot"; sourceTree = "<group>"; };
		A0A7463526072E0200155F4D /* iAWriterMonoS-Italic.woff */ = {isa = PBXFileReference; lastKnownFileType = file; path = "iAWriterMonoS-Italic.woff"; sourceTree = "<group>"; };
		A0A7463626072E0200155F4D /* iAWriterMonoS-Regular.woff */ = {isa = PBXFileReference; lastKnownFileType = file; path = "iAWriterMonoS-Regular.woff"; sourceTree = "<group>"; };
		A0A7463726072E0200155F4D /* iAWriterMonoS-BoldItalic.woff2 */ = {isa = PBXFileReference; lastKnownFileType = file; path = "iAWriterMonoS-BoldItalic.woff2"; sourceTree = "<group>"; };
		A0A7463826072E0200155F4D /* iAWriterMonoS-Bold.woff2 */ = {isa = PBXFileReference; lastKnownFileType = file; path = "iAWriterMonoS-Bold.woff2"; sourceTree = "<group>"; };
		A0A7463926072E0200155F4D /* iAWriterMonoS-Bold.woff */ = {isa = PBXFileReference; lastKnownFileType = file; path = "iAWriterMonoS-Bold.woff"; sourceTree = "<group>"; };
		A0A7463A26072E0200155F4D /* iAWriterMonoS-Italic.eot */ = {isa = PBXFileReference; lastKnownFileType = file; path = "iAWriterMonoS-Italic.eot"; sourceTree = "<group>"; };
		A0A7463B26072E0200155F4D /* iAWriterMonoS-Bold.eot */ = {isa = PBXFileReference; lastKnownFileType = file; path = "iAWriterMonoS-Bold.eot"; sourceTree = "<group>"; };
		A0A7463C26072E0200155F4D /* iAWriterMonoS-BoldItalic.eot */ = {isa = PBXFileReference; lastKnownFileType = file; path = "iAWriterMonoS-BoldItalic.eot"; sourceTree = "<group>"; };
		A0A7463D26072E0200155F4D /* iAWriterMonoS-Regular.woff2 */ = {isa = PBXFileReference; lastKnownFileType = file; path = "iAWriterMonoS-Regular.woff2"; sourceTree = "<group>"; };
		A0A7463E26072E0200155F4D /* iAWriterMonoS-BoldItalic.woff */ = {isa = PBXFileReference; lastKnownFileType = file; path = "iAWriterMonoS-BoldItalic.woff"; sourceTree = "<group>"; };
		A0A7463F26072E0200155F4D /* iAWriterMonoS-Italic.woff2 */ = {isa = PBXFileReference; lastKnownFileType = file; path = "iAWriterMonoS-Italic.woff2"; sourceTree = "<group>"; };
		A0A7464126072E0200155F4D /* iAWriterMonoS-Regular.ttf */ = {isa = PBXFileReference; lastKnownFileType = file; path = "iAWriterMonoS-Regular.ttf"; sourceTree = "<group>"; };
		A0A7464226072E0200155F4D /* iAWriterMonoS-Bold.ttf */ = {isa = PBXFileReference; lastKnownFileType = file; path = "iAWriterMonoS-Bold.ttf"; sourceTree = "<group>"; };
		A0A7464326072E0200155F4D /* iAWriterMonoS-BoldItalic.ttf */ = {isa = PBXFileReference; lastKnownFileType = file; path = "iAWriterMonoS-BoldItalic.ttf"; sourceTree = "<group>"; };
		A0A7464426072E0200155F4D /* iAWriterMonoS-Italic.ttf */ = {isa = PBXFileReference; lastKnownFileType = file; path = "iAWriterMonoS-Italic.ttf"; sourceTree = "<group>"; };
		A0A7C78A2605CBE5001708EE /* PagiDocument.swift */ = {isa = PBXFileReference; lastKnownFileType = sourcecode.swift; path = PagiDocument.swift; sourceTree = "<group>"; };
		A0AA0B3D29E276CA00327101 /* UTType.swift */ = {isa = PBXFileReference; lastKnownFileType = sourcecode.swift; path = UTType.swift; sourceTree = "<group>"; };
		A0AA0B4029E27DB000327101 /* FileType.swift */ = {isa = PBXFileReference; lastKnownFileType = sourcecode.swift; path = FileType.swift; sourceTree = "<group>"; };
		A0AFEE6F29444C0300C4B2A7 /* View.swift */ = {isa = PBXFileReference; lastKnownFileType = sourcecode.swift; path = View.swift; sourceTree = "<group>"; };
		A0B696F22828A3A20079433C /* FindCommands.swift */ = {isa = PBXFileReference; lastKnownFileType = sourcecode.swift; path = FindCommands.swift; sourceTree = "<group>"; };
		A0C1214F288D76B500BB0B75 /* macOS Config.xcconfig */ = {isa = PBXFileReference; lastKnownFileType = text.xcconfig; path = "macOS Config.xcconfig"; sourceTree = "<group>"; };
		A0CA583E288D30980050442A /* FocusCommands.swift */ = {isa = PBXFileReference; lastKnownFileType = sourcecode.swift; path = FocusCommands.swift; sourceTree = "<group>"; };
		A0CA5841288D32BB0050442A /* FocusType.swift */ = {isa = PBXFileReference; lastKnownFileType = sourcecode.swift; path = FocusType.swift; sourceTree = "<group>"; };
		A0CFB8C529A71B6900563EF6 /* HelpCommands.swift */ = {isa = PBXFileReference; lastKnownFileType = sourcecode.swift; path = HelpCommands.swift; sourceTree = "<group>"; };
		A0CFB8C829A71D6F00563EF6 /* Scene+windowNotResizable.swift */ = {isa = PBXFileReference; lastKnownFileType = sourcecode.swift; path = "Scene+windowNotResizable.swift"; sourceTree = "<group>"; };
		A0D6D2BB296D120900642AB4 /* ViewCommands.swift */ = {isa = PBXFileReference; lastKnownFileType = sourcecode.swift; path = ViewCommands.swift; sourceTree = "<group>"; };
		A0EDD01426D8ECAE0051D15B /* AppearanceSettingsView.swift */ = {isa = PBXFileReference; lastKnownFileType = sourcecode.swift; path = AppearanceSettingsView.swift; sourceTree = "<group>"; };
		A0EE19D926044F2100586065 /* PagiApp.swift */ = {isa = PBXFileReference; lastKnownFileType = sourcecode.swift; path = PagiApp.swift; sourceTree = "<group>"; };
		A0EE19DA26044F2100586065 /* ContentView.swift */ = {isa = PBXFileReference; lastKnownFileType = sourcecode.swift; path = ContentView.swift; sourceTree = "<group>"; };
		A0EE19DB26044F2200586065 /* Assets.xcassets */ = {isa = PBXFileReference; lastKnownFileType = folder.assetcatalog; path = Assets.xcassets; sourceTree = "<group>"; };
		A0EE19E026044F2200586065 /* Pagi.app */ = {isa = PBXFileReference; explicitFileType = wrapper.application; includeInIndex = 0; path = Pagi.app; sourceTree = BUILT_PRODUCTS_DIR; };
		A0EE19E326044F2200586065 /* Info.plist */ = {isa = PBXFileReference; lastKnownFileType = text.plist.xml; path = Info.plist; sourceTree = "<group>"; };
		A0EE19E826044F2200586065 /* Pagi.app */ = {isa = PBXFileReference; explicitFileType = wrapper.application; includeInIndex = 0; path = Pagi.app; sourceTree = BUILT_PRODUCTS_DIR; };
		A0EE19EA26044F2200586065 /* Info.plist */ = {isa = PBXFileReference; lastKnownFileType = text.plist.xml; path = Info.plist; sourceTree = "<group>"; };
		A0EE19EB26044F2200586065 /* macOS.entitlements */ = {isa = PBXFileReference; lastKnownFileType = text.plist.entitlements; path = macOS.entitlements; sourceTree = "<group>"; };
		A0EE19F026044F2200586065 /* Tests iOS.xctest */ = {isa = PBXFileReference; explicitFileType = wrapper.cfbundle; includeInIndex = 0; path = "Tests iOS.xctest"; sourceTree = BUILT_PRODUCTS_DIR; };
		A0EE19F426044F2200586065 /* Tests_iOS.swift */ = {isa = PBXFileReference; lastKnownFileType = sourcecode.swift; path = Tests_iOS.swift; sourceTree = "<group>"; };
		A0EE19F626044F2200586065 /* Info.plist */ = {isa = PBXFileReference; lastKnownFileType = text.plist.xml; path = Info.plist; sourceTree = "<group>"; };
		A0EE19FB26044F2200586065 /* Tests macOS.xctest */ = {isa = PBXFileReference; explicitFileType = wrapper.cfbundle; includeInIndex = 0; path = "Tests macOS.xctest"; sourceTree = BUILT_PRODUCTS_DIR; };
		A0EE19FF26044F2200586065 /* Tests_macOS.swift */ = {isa = PBXFileReference; lastKnownFileType = sourcecode.swift; path = Tests_macOS.swift; sourceTree = "<group>"; };
		A0EE1A0126044F2200586065 /* Info.plist */ = {isa = PBXFileReference; lastKnownFileType = text.plist.xml; path = Info.plist; sourceTree = "<group>"; };
		A0EE1A1A26044F4200586065 /* ProgressBar.swift */ = {isa = PBXFileReference; lastKnownFileType = sourcecode.swift; path = ProgressBar.swift; sourceTree = "<group>"; };
		A0EE1A2126044F8000586065 /* Editor.swift */ = {isa = PBXFileReference; lastKnownFileType = sourcecode.swift; path = Editor.swift; sourceTree = "<group>"; };
		A0F5E63B29A703F6008AD297 /* AboutView.swift */ = {isa = PBXFileReference; lastKnownFileType = sourcecode.swift; path = AboutView.swift; sourceTree = "<group>"; };
/* End PBXFileReference section */

/* Begin PBXFrameworksBuildPhase section */
		A0EE19DD26044F2200586065 /* Frameworks */ = {
			isa = PBXFrameworksBuildPhase;
			buildActionMask = 2147483647;
			files = (
			);
			runOnlyForDeploymentPostprocessing = 0;
		};
		A0EE19E526044F2200586065 /* Frameworks */ = {
			isa = PBXFrameworksBuildPhase;
			buildActionMask = 2147483647;
			files = (
			);
			runOnlyForDeploymentPostprocessing = 0;
		};
		A0EE19ED26044F2200586065 /* Frameworks */ = {
			isa = PBXFrameworksBuildPhase;
			buildActionMask = 2147483647;
			files = (
			);
			runOnlyForDeploymentPostprocessing = 0;
		};
		A0EE19F826044F2200586065 /* Frameworks */ = {
			isa = PBXFrameworksBuildPhase;
			buildActionMask = 2147483647;
			files = (
			);
			runOnlyForDeploymentPostprocessing = 0;
		};
/* End PBXFrameworksBuildPhase section */

/* Begin PBXGroup section */
		A002A431267470A000FFB271 /* Commands */ = {
			isa = PBXGroup;
			children = (
				A0B696F22828A3A20079433C /* FindCommands.swift */,
				A0749B122698730000CEFBC1 /* ViewCommands.swift */,
				A0CFB8C529A71B6900563EF6 /* HelpCommands.swift */,
			);
			path = Commands;
			sourceTree = "<group>";
		};
		A0226A912658A742001C2DC5 /* Frameworks */ = {
			isa = PBXGroup;
			children = (
			);
			name = Frameworks;
			sourceTree = "<group>";
		};
		A05C53AB266BA14C00CD45BB /* iA Writer Duo */ = {
			isa = PBXGroup;
			children = (
				A05C53AC266BA14C00CD45BB /* LICENSE.md */,
				A05C53AD266BA14C00CD45BB /* Variable */,
				A05C53B0266BA14C00CD45BB /* Readme.md */,
				A05C53B1266BA14C00CD45BB /* Webfonts */,
				A05C53BE266BA14C00CD45BB /* Static */,
			);
			path = "iA Writer Duo";
			sourceTree = "<group>";
		};
		A05C53AD266BA14C00CD45BB /* Variable */ = {
			isa = PBXGroup;
			children = (
				A05C53AE266BA14C00CD45BB /* iAWriterDuoV-Italic.ttf */,
				A05C53AF266BA14C00CD45BB /* iAWriterDuoV.ttf */,
			);
			path = Variable;
			sourceTree = "<group>";
		};
		A05C53B1266BA14C00CD45BB /* Webfonts */ = {
			isa = PBXGroup;
			children = (
				A05C53B2266BA14C00CD45BB /* iAWriterDuoS-Regular.woff */,
				A05C53B3266BA14C00CD45BB /* iAWriterDuoS-BoldItalic.woff2 */,
				A05C53B4266BA14C00CD45BB /* iAWriterDuoS-Bold.eot */,
				A05C53B5266BA14C00CD45BB /* iAWriterDuoS-Regular.woff2 */,
				A05C53B6266BA14C00CD45BB /* iAWriterDuoS-Italic.eot */,
				A05C53B7266BA14C00CD45BB /* iAWriterDuoS-Bold.woff */,
				A05C53B8266BA14C00CD45BB /* iAWriterDuoS-BoldItalic.eot */,
				A05C53B9266BA14C00CD45BB /* iAWriterDuoS-Bold.woff2 */,
				A05C53BA266BA14C00CD45BB /* iAWriterDuoS-Italic.woff2 */,
				A05C53BB266BA14C00CD45BB /* iAWriterDuoS-Regular.eot */,
				A05C53BC266BA14C00CD45BB /* iAWriterDuoS-BoldItalic.woff */,
				A05C53BD266BA14C00CD45BB /* iAWriterDuoS-Italic.woff */,
			);
			path = Webfonts;
			sourceTree = "<group>";
		};
		A05C53BE266BA14C00CD45BB /* Static */ = {
			isa = PBXGroup;
			children = (
				A05C53BF266BA14C00CD45BB /* iAWriterDuoS-Italic.ttf */,
				A05C53C0266BA14C00CD45BB /* iAWriterDuoS-Bold.ttf */,
				A05C53C1266BA14C00CD45BB /* iAWriterDuoS-Regular.ttf */,
				A05C53C2266BA14D00CD45BB /* iAWriterDuoS-BoldItalic.ttf */,
			);
			path = Static;
			sourceTree = "<group>";
		};
		A05C53C3266BA14D00CD45BB /* iA Writer Quattro */ = {
			isa = PBXGroup;
			children = (
				A05C53C4266BA14D00CD45BB /* LICENSE.md */,
				A05C53C5266BA14D00CD45BB /* Variable */,
				A05C53C8266BA14D00CD45BB /* Readme.md */,
				A05C53C9266BA14D00CD45BB /* Webfonts */,
				A05C53D6266BA14D00CD45BB /* Static */,
			);
			path = "iA Writer Quattro";
			sourceTree = "<group>";
		};
		A05C53C5266BA14D00CD45BB /* Variable */ = {
			isa = PBXGroup;
			children = (
				A05C53C6266BA14D00CD45BB /* iAWriterQuattroV.ttf */,
				A05C53C7266BA14D00CD45BB /* iAWriterQuattroV-Italic.ttf */,
			);
			path = Variable;
			sourceTree = "<group>";
		};
		A05C53C9266BA14D00CD45BB /* Webfonts */ = {
			isa = PBXGroup;
			children = (
				A05C53CA266BA14D00CD45BB /* iAWriterQuattroS-Regular.woff */,
				A05C53CB266BA14D00CD45BB /* iAWriterQuattroS-BoldItalic.woff2 */,
				A05C53CC266BA14D00CD45BB /* iAWriterQuattroS-Bold.woff2 */,
				A05C53CD266BA14D00CD45BB /* iAWriterQuattroS-Bold.eot */,
				A05C53CE266BA14D00CD45BB /* iAWriterQuattroS-Bold.woff */,
				A05C53CF266BA14D00CD45BB /* iAWriterQuattroS-BoldItalic.woff */,
				A05C53D0266BA14D00CD45BB /* iAWriterQuattroS-Italic.woff */,
				A05C53D1266BA14D00CD45BB /* iAWriterQuattroS-Italic.eot */,
				A05C53D2266BA14D00CD45BB /* iAWriterQuattroS-Regular.eot */,
				A05C53D3266BA14D00CD45BB /* iAWriterQuattroS-Regular.woff2 */,
				A05C53D4266BA14D00CD45BB /* iAWriterQuattroS-Italic.woff2 */,
				A05C53D5266BA14D00CD45BB /* iAWriterQuattroS-BoldItalic.eot */,
			);
			path = Webfonts;
			sourceTree = "<group>";
		};
		A05C53D6266BA14D00CD45BB /* Static */ = {
			isa = PBXGroup;
			children = (
				A05C53D7266BA14D00CD45BB /* iAWriterQuattroS-BoldItalic.ttf */,
				A05C53D8266BA14D00CD45BB /* iAWriterQuattroS-Bold.ttf */,
				A05C53D9266BA14D00CD45BB /* iAWriterQuattroS-Italic.ttf */,
				A05C53DA266BA14D00CD45BB /* iAWriterQuattroS-Regular.ttf */,
			);
			path = Static;
			sourceTree = "<group>";
		};
		A0A7462C26072DF200155F4D /* Fonts */ = {
			isa = PBXGroup;
			children = (
				A05C53AB266BA14C00CD45BB /* iA Writer Duo */,
				A0A7462D26072E0200155F4D /* iA Writer Mono */,
				A05C53C3266BA14D00CD45BB /* iA Writer Quattro */,
			);
			path = Fonts;
			sourceTree = "<group>";
		};
		A0A7462D26072E0200155F4D /* iA Writer Mono */ = {
			isa = PBXGroup;
			children = (
				A0A7462E26072E0200155F4D /* LICENSE.md */,
				A0A7462F26072E0200155F4D /* Variable */,
				A0A7463226072E0200155F4D /* Readme.md */,
				A0A7463326072E0200155F4D /* Webfonts */,
				A0A7464026072E0200155F4D /* Static */,
			);
			path = "iA Writer Mono";
			sourceTree = "<group>";
		};
		A0A7462F26072E0200155F4D /* Variable */ = {
			isa = PBXGroup;
			children = (
				A0A7463026072E0200155F4D /* iAWriterMonoV.ttf */,
				A0A7463126072E0200155F4D /* iAWriterMonoV-Italic.ttf */,
			);
			path = Variable;
			sourceTree = "<group>";
		};
		A0A7463326072E0200155F4D /* Webfonts */ = {
			isa = PBXGroup;
			children = (
				A0A7463426072E0200155F4D /* iAWriterMonoS-Regular.eot */,
				A0A7463526072E0200155F4D /* iAWriterMonoS-Italic.woff */,
				A0A7463626072E0200155F4D /* iAWriterMonoS-Regular.woff */,
				A0A7463726072E0200155F4D /* iAWriterMonoS-BoldItalic.woff2 */,
				A0A7463826072E0200155F4D /* iAWriterMonoS-Bold.woff2 */,
				A0A7463926072E0200155F4D /* iAWriterMonoS-Bold.woff */,
				A0A7463A26072E0200155F4D /* iAWriterMonoS-Italic.eot */,
				A0A7463B26072E0200155F4D /* iAWriterMonoS-Bold.eot */,
				A0A7463C26072E0200155F4D /* iAWriterMonoS-BoldItalic.eot */,
				A0A7463D26072E0200155F4D /* iAWriterMonoS-Regular.woff2 */,
				A0A7463E26072E0200155F4D /* iAWriterMonoS-BoldItalic.woff */,
				A0A7463F26072E0200155F4D /* iAWriterMonoS-Italic.woff2 */,
			);
			path = Webfonts;
			sourceTree = "<group>";
		};
		A0A7464026072E0200155F4D /* Static */ = {
			isa = PBXGroup;
			children = (
				A0A7464126072E0200155F4D /* iAWriterMonoS-Regular.ttf */,
				A0A7464226072E0200155F4D /* iAWriterMonoS-Bold.ttf */,
				A0A7464326072E0200155F4D /* iAWriterMonoS-BoldItalic.ttf */,
				A0A7464426072E0200155F4D /* iAWriterMonoS-Italic.ttf */,
			);
			path = Static;
			sourceTree = "<group>";
		};
		A0A7C7952605CDB7001708EE /* Views */ = {
			isa = PBXGroup;
			children = (
				A0EE1A2126044F8000586065 /* Editor.swift */,
				A09314D4267CAA8F00F7B736 /* EditorViewModel.swift */,
				A0EE1A1A26044F4200586065 /* ProgressBar.swift */,
				A02F1DAD299248D2003BD5EB /* ThemePreview.swift */,
				A024917A2CDF089500AED935 /* ThemePicker.swift */,
			);
			path = Views;
			sourceTree = "<group>";
		};
		A0AFEE6E29444BF300C4B2A7 /* Extensions */ = {
			isa = PBXGroup;
			children = (
				A0AFEE6F29444C0300C4B2A7 /* View.swift */,
				A0CFB8C829A71D6F00563EF6 /* Scene+windowNotResizable.swift */,
				A0AA0B3D29E276CA00327101 /* UTType.swift */,
			);
			path = Extensions;
			sourceTree = "<group>";
		};
		A0D6D2BA296D11ED00642AB4 /* Commands */ = {
			isa = PBXGroup;
			children = (
				A0D6D2BB296D120900642AB4 /* ViewCommands.swift */,
			);
			path = Commands;
			sourceTree = "<group>";
		};
		A0D6D2BD296D153700642AB4 /* Commands */ = {
			isa = PBXGroup;
			children = (
				A002A432267470CC00FFB271 /* FontCommands.swift */,
				A0CA583E288D30980050442A /* FocusCommands.swift */,
			);
			path = Commands;
			sourceTree = "<group>";
		};
		A0EE19D326044F2000586065 = {
			isa = PBXGroup;
			children = (
				A0EE19D826044F2100586065 /* Shared */,
				A0EE19E226044F2200586065 /* iOS */,
				A0EE19E926044F2200586065 /* macOS */,
				A0EE19F326044F2200586065 /* Tests iOS */,
				A0EE19FE26044F2200586065 /* Tests macOS */,
				A0EE19E126044F2200586065 /* Products */,
				A0226A912658A742001C2DC5 /* Frameworks */,
			);
			sourceTree = "<group>";
		};
		A0EE19D826044F2100586065 /* Shared */ = {
			isa = PBXGroup;
			children = (
				A0A7462C26072DF200155F4D /* Fonts */,
				A0EE19D926044F2100586065 /* PagiApp.swift */,
				A0A7C7952605CDB7001708EE /* Views */,
				A0D6D2BD296D153700642AB4 /* Commands */,
				A0EE19DB26044F2200586065 /* Assets.xcassets */,
				A01255FE2686E4EC00727630 /* Timer.swift */,
				A0A7C78A2605CBE5001708EE /* PagiDocument.swift */,
				A05C53A6266B97DC00CD45BB /* Theme.swift */,
				A05C547B266BA22500CD45BB /* Font.swift */,
				A05C5480266BB13B00CD45BB /* Color.swift */,
				A0AA0B4029E27DB000327101 /* FileType.swift */,
				A01BDE0028309A2A008296EE /* Task+sleep.swift */,
				A0CA5841288D32BB0050442A /* FocusType.swift */,
				A0413E44298D150000422D37 /* Preferences.swift */,
				A0AFEE6E29444BF300C4B2A7 /* Extensions */,
			);
			path = Shared;
			sourceTree = "<group>";
		};
		A0EE19E126044F2200586065 /* Products */ = {
			isa = PBXGroup;
			children = (
				A0EE19E026044F2200586065 /* Pagi.app */,
				A0EE19E826044F2200586065 /* Pagi.app */,
				A0EE19F026044F2200586065 /* Tests iOS.xctest */,
				A0EE19FB26044F2200586065 /* Tests macOS.xctest */,
			);
			name = Products;
			sourceTree = "<group>";
		};
		A0EE19E226044F2200586065 /* iOS */ = {
			isa = PBXGroup;
			children = (
				A08ADF6129A714AB00B24FCD /* iOS Config.xcconfig */,
				A0EE19E326044F2200586065 /* Info.plist */,
				A02491732CDEF64E00AED935 /* Localizable.xcstrings */,
				A0D6D2BA296D11ED00642AB4 /* Commands */,
				A03930F22712889B005CAEF1 /* ContentView.swift */,
				A025926626EC877B00B8324F /* SettingsView.swift */,
				A0F5E63B29A703F6008AD297 /* AboutView.swift */,
				A03C9A6B26ECA0950033C0F6 /* TextEditorView.swift */,
				A03930F4271293E5005CAEF1 /* ShareSheet.swift */,
				A09A9B5329BDFCF1000C3880 /* Haptics.swift */,
			);
			path = iOS;
			sourceTree = "<group>";
		};
		A0EE19E926044F2200586065 /* macOS */ = {
			isa = PBXGroup;
			children = (
				A0C1214F288D76B500BB0B75 /* macOS Config.xcconfig */,
				A0EE19EA26044F2200586065 /* Info.plist */,
				A0EE19EB26044F2200586065 /* macOS.entitlements */,
				A02491752CDEF65900AED935 /* Localizable.xcstrings */,
				A0EE19DA26044F2100586065 /* ContentView.swift */,
				A05C539E266B68D000CD45BB /* TextEditorView.swift */,
				A05C53A2266B8F9800CD45BB /* SettingsView.swift */,
				A05C53A4266B901100CD45BB /* GeneralSettingsView.swift */,
				A0EDD01426D8ECAE0051D15B /* AppearanceSettingsView.swift */,
				A0997F162702B706003EDD8C /* AboutView.swift */,
				A002A431267470A000FFB271 /* Commands */,
			);
			path = macOS;
			sourceTree = "<group>";
		};
		A0EE19F326044F2200586065 /* Tests iOS */ = {
			isa = PBXGroup;
			children = (
				A0EE19F426044F2200586065 /* Tests_iOS.swift */,
				A0EE19F626044F2200586065 /* Info.plist */,
			);
			path = "Tests iOS";
			sourceTree = "<group>";
		};
		A0EE19FE26044F2200586065 /* Tests macOS */ = {
			isa = PBXGroup;
			children = (
				A0EE19FF26044F2200586065 /* Tests_macOS.swift */,
				A0EE1A0126044F2200586065 /* Info.plist */,
			);
			path = "Tests macOS";
			sourceTree = "<group>";
		};
/* End PBXGroup section */

/* Begin PBXNativeTarget section */
		A0EE19DF26044F2200586065 /* Pagi (iOS) */ = {
			isa = PBXNativeTarget;
			buildConfigurationList = A0EE1A0A26044F2200586065 /* Build configuration list for PBXNativeTarget "Pagi (iOS)" */;
			buildPhases = (
				A0EE19DC26044F2200586065 /* Sources */,
				A0EE19DD26044F2200586065 /* Frameworks */,
				A0EE19DE26044F2200586065 /* Resources */,
			);
			buildRules = (
			);
			dependencies = (
			);
			name = "Pagi (iOS)";
			packageProductDependencies = (
			);
			productName = "Morning Pages (iOS)";
			productReference = A0EE19E026044F2200586065 /* Pagi.app */;
			productType = "com.apple.product-type.application";
		};
		A0EE19E726044F2200586065 /* Pagi (macOS) */ = {
			isa = PBXNativeTarget;
			buildConfigurationList = A0EE1A0D26044F2200586065 /* Build configuration list for PBXNativeTarget "Pagi (macOS)" */;
			buildPhases = (
				A0EE19E426044F2200586065 /* Sources */,
				A0EE19E526044F2200586065 /* Frameworks */,
				A0EE19E626044F2200586065 /* Resources */,
			);
			buildRules = (
			);
			dependencies = (
			);
			name = "Pagi (macOS)";
			packageProductDependencies = (
			);
			productName = "Morning Pages (macOS)";
			productReference = A0EE19E826044F2200586065 /* Pagi.app */;
			productType = "com.apple.product-type.application";
		};
		A0EE19EF26044F2200586065 /* Tests iOS */ = {
			isa = PBXNativeTarget;
			buildConfigurationList = A0EE1A1026044F2200586065 /* Build configuration list for PBXNativeTarget "Tests iOS" */;
			buildPhases = (
				A0EE19EC26044F2200586065 /* Sources */,
				A0EE19ED26044F2200586065 /* Frameworks */,
				A0EE19EE26044F2200586065 /* Resources */,
			);
			buildRules = (
			);
			dependencies = (
				A0EE19F226044F2200586065 /* PBXTargetDependency */,
			);
			name = "Tests iOS";
			productName = "Tests iOS";
			productReference = A0EE19F026044F2200586065 /* Tests iOS.xctest */;
			productType = "com.apple.product-type.bundle.ui-testing";
		};
		A0EE19FA26044F2200586065 /* Tests macOS */ = {
			isa = PBXNativeTarget;
			buildConfigurationList = A0EE1A1326044F2200586065 /* Build configuration list for PBXNativeTarget "Tests macOS" */;
			buildPhases = (
				A0EE19F726044F2200586065 /* Sources */,
				A0EE19F826044F2200586065 /* Frameworks */,
				A0EE19F926044F2200586065 /* Resources */,
			);
			buildRules = (
			);
			dependencies = (
				A0EE19FD26044F2200586065 /* PBXTargetDependency */,
			);
			name = "Tests macOS";
			productName = "Tests macOS";
			productReference = A0EE19FB26044F2200586065 /* Tests macOS.xctest */;
			productType = "com.apple.product-type.bundle.ui-testing";
		};
/* End PBXNativeTarget section */

/* Begin PBXProject section */
		A0EE19D426044F2000586065 /* Project object */ = {
			isa = PBXProject;
			attributes = {
				BuildIndependentTargetsInParallel = YES;
				LastSwiftUpdateCheck = 1240;
				LastUpgradeCheck = 1610;
				TargetAttributes = {
					A0EE19DF26044F2200586065 = {
						CreatedOnToolsVersion = 12.4;
					};
					A0EE19E726044F2200586065 = {
						CreatedOnToolsVersion = 12.4;
					};
					A0EE19EF26044F2200586065 = {
						CreatedOnToolsVersion = 12.4;
						TestTargetID = A0EE19DF26044F2200586065;
					};
					A0EE19FA26044F2200586065 = {
						CreatedOnToolsVersion = 12.4;
						TestTargetID = A0EE19E726044F2200586065;
					};
				};
			};
			buildConfigurationList = A0EE19D726044F2000586065 /* Build configuration list for PBXProject "Pagi" */;
			compatibilityVersion = "Xcode 9.3";
			developmentRegion = en;
			hasScannedForEncodings = 0;
			knownRegions = (
				en,
				Base,
			);
			mainGroup = A0EE19D326044F2000586065;
			packageReferences = (
			);
			productRefGroup = A0EE19E126044F2200586065 /* Products */;
			projectDirPath = "";
			projectRoot = "";
			targets = (
				A0EE19DF26044F2200586065 /* Pagi (iOS) */,
				A0EE19E726044F2200586065 /* Pagi (macOS) */,
				A0EE19EF26044F2200586065 /* Tests iOS */,
				A0EE19FA26044F2200586065 /* Tests macOS */,
			);
		};
/* End PBXProject section */

/* Begin PBXResourcesBuildPhase section */
		A0EE19DE26044F2200586065 /* Resources */ = {
			isa = PBXResourcesBuildPhase;
			buildActionMask = 2147483647;
			files = (
				A0EE1A0626044F2200586065 /* Assets.xcassets in Resources */,
				A02491742CDEF64E00AED935 /* Localizable.xcstrings in Resources */,
				A05C53E3266BA14D00CD45BB /* iAWriterDuoV.ttf in Resources */,
				A05C542F266BA14D00CD45BB /* iAWriterQuattroV.ttf in Resources */,
				A0A7464726072E0200155F4D /* iAWriterMonoV.ttf in Resources */,
			);
			runOnlyForDeploymentPostprocessing = 0;
		};
		A0EE19E626044F2200586065 /* Resources */ = {
			isa = PBXResourcesBuildPhase;
			buildActionMask = 2147483647;
			files = (
				A0EE1A0726044F2200586065 /* Assets.xcassets in Resources */,
				A02491762CDEF65900AED935 /* Localizable.xcstrings in Resources */,
				A05C53E4266BA14D00CD45BB /* iAWriterDuoV.ttf in Resources */,
				A05C5430266BA14D00CD45BB /* iAWriterQuattroV.ttf in Resources */,
				A0A7464826072E0200155F4D /* iAWriterMonoV.ttf in Resources */,
			);
			runOnlyForDeploymentPostprocessing = 0;
		};
		A0EE19EE26044F2200586065 /* Resources */ = {
			isa = PBXResourcesBuildPhase;
			buildActionMask = 2147483647;
			files = (
				A05C53E5266BA14D00CD45BB /* iAWriterDuoV.ttf in Resources */,
				A05C5431266BA14D00CD45BB /* iAWriterQuattroV.ttf in Resources */,
			);
			runOnlyForDeploymentPostprocessing = 0;
		};
		A0EE19F926044F2200586065 /* Resources */ = {
			isa = PBXResourcesBuildPhase;
			buildActionMask = 2147483647;
			files = (
				A05C53E6266BA14D00CD45BB /* iAWriterDuoV.ttf in Resources */,
				A05C5432266BA14D00CD45BB /* iAWriterQuattroV.ttf in Resources */,
			);
			runOnlyForDeploymentPostprocessing = 0;
		};
/* End PBXResourcesBuildPhase section */

/* Begin PBXSourcesBuildPhase section */
		A0EE19DC26044F2200586065 /* Sources */ = {
			isa = PBXSourcesBuildPhase;
			buildActionMask = 2147483647;
			files = (
				A0AFEE7029444C0300C4B2A7 /* View.swift in Sources */,
				A0A7C78B2605CBE5001708EE /* PagiDocument.swift in Sources */,
				A0F5E63C29A703F6008AD297 /* AboutView.swift in Sources */,
				A0413E45298D150000422D37 /* Preferences.swift in Sources */,
				A03930F5271293E5005CAEF1 /* ShareSheet.swift in Sources */,
				A0D6D2B8296CF86A00642AB4 /* FocusCommands.swift in Sources */,
				A0AA0B3E29E276CA00327101 /* UTType.swift in Sources */,
				A05C547C266BA22500CD45BB /* Font.swift in Sources */,
				A03930F32712889B005CAEF1 /* ContentView.swift in Sources */,
				A0EE1A1B26044F4200586065 /* ProgressBar.swift in Sources */,
				A05C53A7266B97DC00CD45BB /* Theme.swift in Sources */,
				A03C9A6C26ECA0950033C0F6 /* TextEditorView.swift in Sources */,
				A024917B2CDF089500AED935 /* ThemePicker.swift in Sources */,
				A0CA5842288D32BB0050442A /* FocusType.swift in Sources */,
				A05C5481266BB13B00CD45BB /* Color.swift in Sources */,
				A01BDE0128309A2A008296EE /* Task+sleep.swift in Sources */,
				A09314D5267CAA8F00F7B736 /* EditorViewModel.swift in Sources */,
				A0EE1A2226044F8000586065 /* Editor.swift in Sources */,
				A02F1DAE299248D2003BD5EB /* ThemePreview.swift in Sources */,
				A0D6D2BC296D120900642AB4 /* ViewCommands.swift in Sources */,
				A0D6D2B9296D106F00642AB4 /* FontCommands.swift in Sources */,
				A01255FF2686E4EC00727630 /* Timer.swift in Sources */,
				A0CFB8C929A71D6F00563EF6 /* Scene+windowNotResizable.swift in Sources */,
				A09A9B5429BDFCF1000C3880 /* Haptics.swift in Sources */,
				A0EE1A0226044F2200586065 /* PagiApp.swift in Sources */,
				A0AA0B4129E27DB000327101 /* FileType.swift in Sources */,
				A025926726EC87D700B8324F /* SettingsView.swift in Sources */,
			);
			runOnlyForDeploymentPostprocessing = 0;
		};
		A0EE19E426044F2200586065 /* Sources */ = {
			isa = PBXSourcesBuildPhase;
			buildActionMask = 2147483647;
			files = (
				A0AA0B4229E27DB000327101 /* FileType.swift in Sources */,
				A05C53A8266B97DC00CD45BB /* Theme.swift in Sources */,
				A05C539F266B68D000CD45BB /* TextEditorView.swift in Sources */,
				A0B696F42828A3A20079433C /* FindCommands.swift in Sources */,
				A0CFB8CA29A71D6F00563EF6 /* Scene+windowNotResizable.swift in Sources */,
				A024917C2CDF089500AED935 /* ThemePicker.swift in Sources */,
				A02F1DAF299248D2003BD5EB /* ThemePreview.swift in Sources */,
				A01256002686E4EC00727630 /* Timer.swift in Sources */,
				A0997F172702B706003EDD8C /* AboutView.swift in Sources */,
				A05C5482266BB13B00CD45BB /* Color.swift in Sources */,
				A0413E46298D150000422D37 /* Preferences.swift in Sources */,
				A05C547D266BA22500CD45BB /* Font.swift in Sources */,
				A0AFEE7129444C6400C4B2A7 /* View.swift in Sources */,
				A05C53A3266B8F9800CD45BB /* SettingsView.swift in Sources */,
				A0CFB8C729A71B6900563EF6 /* HelpCommands.swift in Sources */,
				A05C53A5266B901100CD45BB /* GeneralSettingsView.swift in Sources */,
				A01BDE0228309AF6008296EE /* Task+sleep.swift in Sources */,
				A09314D6267CAA8F00F7B736 /* EditorViewModel.swift in Sources */,
				A0EE1A0526044F2200586065 /* ContentView.swift in Sources */,
				A0A7C78C2605CBE5001708EE /* PagiDocument.swift in Sources */,
				A0EE1A1C26044F4200586065 /* ProgressBar.swift in Sources */,
				A0EE1A2326044F8000586065 /* Editor.swift in Sources */,
				A0CA5843288D32BB0050442A /* FocusType.swift in Sources */,
				A0AA0B3F29E276CA00327101 /* UTType.swift in Sources */,
				A0EDD01526D8ECAE0051D15B /* AppearanceSettingsView.swift in Sources */,
				A002A434267470CC00FFB271 /* FontCommands.swift in Sources */,
				A0EE1A0326044F2200586065 /* PagiApp.swift in Sources */,
				A0CA5840288D30980050442A /* FocusCommands.swift in Sources */,
				A0749B142698730000CEFBC1 /* ViewCommands.swift in Sources */,
			);
			runOnlyForDeploymentPostprocessing = 0;
		};
		A0EE19EC26044F2200586065 /* Sources */ = {
			isa = PBXSourcesBuildPhase;
			buildActionMask = 2147483647;
			files = (
				A0EE19F526044F2200586065 /* Tests_iOS.swift in Sources */,
				A05C53A9266B97DC00CD45BB /* Theme.swift in Sources */,
				A05C547E266BA22500CD45BB /* Font.swift in Sources */,
			);
			runOnlyForDeploymentPostprocessing = 0;
		};
		A0EE19F726044F2200586065 /* Sources */ = {
			isa = PBXSourcesBuildPhase;
			buildActionMask = 2147483647;
			files = (
				A0EE1A0026044F2200586065 /* Tests_macOS.swift in Sources */,
				A05C53AA266B97DC00CD45BB /* Theme.swift in Sources */,
				A05C547F266BA22500CD45BB /* Font.swift in Sources */,
			);
			runOnlyForDeploymentPostprocessing = 0;
		};
/* End PBXSourcesBuildPhase section */

/* Begin PBXTargetDependency section */
		A0EE19F226044F2200586065 /* PBXTargetDependency */ = {
			isa = PBXTargetDependency;
			target = A0EE19DF26044F2200586065 /* Pagi (iOS) */;
			targetProxy = A0EE19F126044F2200586065 /* PBXContainerItemProxy */;
		};
		A0EE19FD26044F2200586065 /* PBXTargetDependency */ = {
			isa = PBXTargetDependency;
			target = A0EE19E726044F2200586065 /* Pagi (macOS) */;
			targetProxy = A0EE19FC26044F2200586065 /* PBXContainerItemProxy */;
		};
/* End PBXTargetDependency section */

/* Begin XCBuildConfiguration section */
		A0EE1A0826044F2200586065 /* Debug */ = {
			isa = XCBuildConfiguration;
			buildSettings = {
				ALWAYS_SEARCH_USER_PATHS = NO;
				CLANG_ANALYZER_NONNULL = YES;
				CLANG_ANALYZER_NUMBER_OBJECT_CONVERSION = YES_AGGRESSIVE;
				CLANG_CXX_LANGUAGE_STANDARD = "gnu++14";
				CLANG_CXX_LIBRARY = "libc++";
				CLANG_ENABLE_MODULES = YES;
				CLANG_ENABLE_OBJC_ARC = YES;
				CLANG_ENABLE_OBJC_WEAK = YES;
				CLANG_WARN_BLOCK_CAPTURE_AUTORELEASING = YES;
				CLANG_WARN_BOOL_CONVERSION = YES;
				CLANG_WARN_COMMA = YES;
				CLANG_WARN_CONSTANT_CONVERSION = YES;
				CLANG_WARN_DEPRECATED_OBJC_IMPLEMENTATIONS = YES;
				CLANG_WARN_DIRECT_OBJC_ISA_USAGE = YES_ERROR;
				CLANG_WARN_DOCUMENTATION_COMMENTS = YES;
				CLANG_WARN_EMPTY_BODY = YES;
				CLANG_WARN_ENUM_CONVERSION = YES;
				CLANG_WARN_INFINITE_RECURSION = YES;
				CLANG_WARN_INT_CONVERSION = YES;
				CLANG_WARN_NON_LITERAL_NULL_CONVERSION = YES;
				CLANG_WARN_OBJC_IMPLICIT_RETAIN_SELF = YES;
				CLANG_WARN_OBJC_LITERAL_CONVERSION = YES;
				CLANG_WARN_OBJC_ROOT_CLASS = YES_ERROR;
				CLANG_WARN_QUOTED_INCLUDE_IN_FRAMEWORK_HEADER = YES;
				CLANG_WARN_RANGE_LOOP_ANALYSIS = YES;
				CLANG_WARN_STRICT_PROTOTYPES = YES;
				CLANG_WARN_SUSPICIOUS_MOVE = YES;
				CLANG_WARN_UNGUARDED_AVAILABILITY = YES_AGGRESSIVE;
				CLANG_WARN_UNREACHABLE_CODE = YES;
				CLANG_WARN__DUPLICATE_METHOD_MATCH = YES;
				COPY_PHASE_STRIP = NO;
				CURRENT_PROJECT_VERSION = "";
				DEAD_CODE_STRIPPING = YES;
				DEBUG_INFORMATION_FORMAT = dwarf;
				ENABLE_STRICT_OBJC_MSGSEND = YES;
				ENABLE_TESTABILITY = YES;
				ENABLE_USER_SCRIPT_SANDBOXING = YES;
				GCC_C_LANGUAGE_STANDARD = gnu11;
				GCC_DYNAMIC_NO_PIC = NO;
				GCC_NO_COMMON_BLOCKS = YES;
				GCC_OPTIMIZATION_LEVEL = 0;
				GCC_PREPROCESSOR_DEFINITIONS = (
					"DEBUG=1",
					"$(inherited)",
				);
				GCC_WARN_64_TO_32_BIT_CONVERSION = YES;
				GCC_WARN_ABOUT_RETURN_TYPE = YES_ERROR;
				GCC_WARN_UNDECLARED_SELECTOR = YES;
				GCC_WARN_UNINITIALIZED_AUTOS = YES_AGGRESSIVE;
				GCC_WARN_UNUSED_FUNCTION = YES;
				GCC_WARN_UNUSED_VARIABLE = YES;
				MTL_ENABLE_DEBUG_INFO = INCLUDE_SOURCE;
				MTL_FAST_MATH = YES;
				ONLY_ACTIVE_ARCH = YES;
				SWIFT_ACTIVE_COMPILATION_CONDITIONS = DEBUG;
				SWIFT_EMIT_LOC_STRINGS = YES;
				SWIFT_OPTIMIZATION_LEVEL = "-Onone";
				SWIFT_VERSION = 6.0;
			};
			name = Debug;
		};
		A0EE1A0926044F2200586065 /* Release */ = {
			isa = XCBuildConfiguration;
			buildSettings = {
				ALWAYS_SEARCH_USER_PATHS = NO;
				CLANG_ANALYZER_NONNULL = YES;
				CLANG_ANALYZER_NUMBER_OBJECT_CONVERSION = YES_AGGRESSIVE;
				CLANG_CXX_LANGUAGE_STANDARD = "gnu++14";
				CLANG_CXX_LIBRARY = "libc++";
				CLANG_ENABLE_MODULES = YES;
				CLANG_ENABLE_OBJC_ARC = YES;
				CLANG_ENABLE_OBJC_WEAK = YES;
				CLANG_WARN_BLOCK_CAPTURE_AUTORELEASING = YES;
				CLANG_WARN_BOOL_CONVERSION = YES;
				CLANG_WARN_COMMA = YES;
				CLANG_WARN_CONSTANT_CONVERSION = YES;
				CLANG_WARN_DEPRECATED_OBJC_IMPLEMENTATIONS = YES;
				CLANG_WARN_DIRECT_OBJC_ISA_USAGE = YES_ERROR;
				CLANG_WARN_DOCUMENTATION_COMMENTS = YES;
				CLANG_WARN_EMPTY_BODY = YES;
				CLANG_WARN_ENUM_CONVERSION = YES;
				CLANG_WARN_INFINITE_RECURSION = YES;
				CLANG_WARN_INT_CONVERSION = YES;
				CLANG_WARN_NON_LITERAL_NULL_CONVERSION = YES;
				CLANG_WARN_OBJC_IMPLICIT_RETAIN_SELF = YES;
				CLANG_WARN_OBJC_LITERAL_CONVERSION = YES;
				CLANG_WARN_OBJC_ROOT_CLASS = YES_ERROR;
				CLANG_WARN_QUOTED_INCLUDE_IN_FRAMEWORK_HEADER = YES;
				CLANG_WARN_RANGE_LOOP_ANALYSIS = YES;
				CLANG_WARN_STRICT_PROTOTYPES = YES;
				CLANG_WARN_SUSPICIOUS_MOVE = YES;
				CLANG_WARN_UNGUARDED_AVAILABILITY = YES_AGGRESSIVE;
				CLANG_WARN_UNREACHABLE_CODE = YES;
				CLANG_WARN__DUPLICATE_METHOD_MATCH = YES;
				COPY_PHASE_STRIP = NO;
				CURRENT_PROJECT_VERSION = "";
				DEAD_CODE_STRIPPING = YES;
				DEBUG_INFORMATION_FORMAT = "dwarf-with-dsym";
				ENABLE_NS_ASSERTIONS = NO;
				ENABLE_STRICT_OBJC_MSGSEND = YES;
				ENABLE_USER_SCRIPT_SANDBOXING = YES;
				GCC_C_LANGUAGE_STANDARD = gnu11;
				GCC_NO_COMMON_BLOCKS = YES;
				GCC_WARN_64_TO_32_BIT_CONVERSION = YES;
				GCC_WARN_ABOUT_RETURN_TYPE = YES_ERROR;
				GCC_WARN_UNDECLARED_SELECTOR = YES;
				GCC_WARN_UNINITIALIZED_AUTOS = YES_AGGRESSIVE;
				GCC_WARN_UNUSED_FUNCTION = YES;
				GCC_WARN_UNUSED_VARIABLE = YES;
				MTL_ENABLE_DEBUG_INFO = NO;
				MTL_FAST_MATH = YES;
				SWIFT_COMPILATION_MODE = wholemodule;
				SWIFT_EMIT_LOC_STRINGS = YES;
				SWIFT_OPTIMIZATION_LEVEL = "-O";
				SWIFT_VERSION = 6.0;
			};
			name = Release;
		};
		A0EE1A0B26044F2200586065 /* Debug */ = {
			isa = XCBuildConfiguration;
			baseConfigurationReference = A08ADF6129A714AB00B24FCD /* iOS Config.xcconfig */;
			buildSettings = {
				ASSETCATALOG_COMPILER_APPICON_NAME = AppIcon;
				ASSETCATALOG_COMPILER_GLOBAL_ACCENT_COLOR_NAME = AccentColor;
				CODE_SIGN_STYLE = Automatic;
				DEVELOPMENT_TEAM = VSPR9WC4TQ;
				ENABLE_PREVIEWS = YES;
				INFOPLIST_FILE = iOS/Info.plist;
				IPHONEOS_DEPLOYMENT_TARGET = 15.0;
				LD_RUNPATH_SEARCH_PATHS = (
					"$(inherited)",
					"@executable_path/Frameworks",
				);
				PRODUCT_BUNDLE_IDENTIFIER = "com.lucas-fischer.pagi";
				PRODUCT_NAME = Pagi;
				SDKROOT = iphoneos;
				SUPPORTED_PLATFORMS = "iphoneos iphonesimulator";
				SUPPORTS_MACCATALYST = NO;
				SUPPORTS_MAC_DESIGNED_FOR_IPHONE_IPAD = NO;
				TARGETED_DEVICE_FAMILY = "1,2";
			};
			name = Debug;
		};
		A0EE1A0C26044F2200586065 /* Release */ = {
			isa = XCBuildConfiguration;
			baseConfigurationReference = A08ADF6129A714AB00B24FCD /* iOS Config.xcconfig */;
			buildSettings = {
				ASSETCATALOG_COMPILER_APPICON_NAME = AppIcon;
				ASSETCATALOG_COMPILER_GLOBAL_ACCENT_COLOR_NAME = AccentColor;
				CODE_SIGN_STYLE = Automatic;
				DEVELOPMENT_TEAM = VSPR9WC4TQ;
				ENABLE_PREVIEWS = YES;
				INFOPLIST_FILE = iOS/Info.plist;
				IPHONEOS_DEPLOYMENT_TARGET = 15.0;
				LD_RUNPATH_SEARCH_PATHS = (
					"$(inherited)",
					"@executable_path/Frameworks",
				);
				PRODUCT_BUNDLE_IDENTIFIER = "com.lucas-fischer.pagi";
				PRODUCT_NAME = Pagi;
				SDKROOT = iphoneos;
				SUPPORTED_PLATFORMS = "iphoneos iphonesimulator";
				SUPPORTS_MACCATALYST = NO;
				SUPPORTS_MAC_DESIGNED_FOR_IPHONE_IPAD = NO;
				TARGETED_DEVICE_FAMILY = "1,2";
				VALIDATE_PRODUCT = YES;
			};
			name = Release;
		};
		A0EE1A0E26044F2200586065 /* Debug */ = {
			isa = XCBuildConfiguration;
			baseConfigurationReference = A0C1214F288D76B500BB0B75 /* macOS Config.xcconfig */;
			buildSettings = {
				ASSETCATALOG_COMPILER_APPICON_NAME = AppIcon;
				ASSETCATALOG_COMPILER_GLOBAL_ACCENT_COLOR_NAME = AccentColor;
				CODE_SIGN_ENTITLEMENTS = macOS/macOS.entitlements;
				CODE_SIGN_IDENTITY = "Apple Development";
				CODE_SIGN_STYLE = Automatic;
				COMBINE_HIDPI_IMAGES = YES;
				DEAD_CODE_STRIPPING = YES;
				DEVELOPMENT_TEAM = VSPR9WC4TQ;
				ENABLE_HARDENED_RUNTIME = YES;
				ENABLE_PREVIEWS = YES;
				INFOPLIST_FILE = macOS/Info.plist;
				LD_RUNPATH_SEARCH_PATHS = (
					"$(inherited)",
					"@executable_path/../Frameworks",
				);
				MACOSX_DEPLOYMENT_TARGET = 11.0;
				PRODUCT_BUNDLE_IDENTIFIER = "com.lucas-fischer.pagi";
				PRODUCT_NAME = Pagi;
				SDKROOT = macosx;
			};
			name = Debug;
		};
		A0EE1A0F26044F2200586065 /* Release */ = {
			isa = XCBuildConfiguration;
			baseConfigurationReference = A0C1214F288D76B500BB0B75 /* macOS Config.xcconfig */;
			buildSettings = {
				ASSETCATALOG_COMPILER_APPICON_NAME = AppIcon;
				ASSETCATALOG_COMPILER_GLOBAL_ACCENT_COLOR_NAME = AccentColor;
				CODE_SIGN_ENTITLEMENTS = macOS/macOS.entitlements;
				CODE_SIGN_IDENTITY = "Apple Development";
				CODE_SIGN_STYLE = Automatic;
				COMBINE_HIDPI_IMAGES = YES;
				DEAD_CODE_STRIPPING = YES;
				DEVELOPMENT_TEAM = VSPR9WC4TQ;
				ENABLE_HARDENED_RUNTIME = YES;
				ENABLE_PREVIEWS = YES;
				INFOPLIST_FILE = macOS/Info.plist;
				LD_RUNPATH_SEARCH_PATHS = (
					"$(inherited)",
					"@executable_path/../Frameworks",
				);
				MACOSX_DEPLOYMENT_TARGET = 11.0;
				PRODUCT_BUNDLE_IDENTIFIER = "com.lucas-fischer.pagi";
				PRODUCT_NAME = Pagi;
				SDKROOT = macosx;
			};
			name = Release;
		};
		A0EE1A1126044F2200586065 /* Debug */ = {
			isa = XCBuildConfiguration;
			baseConfigurationReference = A08ADF6129A714AB00B24FCD /* iOS Config.xcconfig */;
			buildSettings = {
				CODE_SIGN_STYLE = Automatic;
				DEVELOPMENT_TEAM = VSPR9WC4TQ;
				INFOPLIST_FILE = "Tests iOS/Info.plist";
				IPHONEOS_DEPLOYMENT_TARGET = 14.4;
				LD_RUNPATH_SEARCH_PATHS = (
					"$(inherited)",
					"@executable_path/Frameworks",
					"@loader_path/Frameworks",
				);
				PRODUCT_BUNDLE_IDENTIFIER = "com.lucas-fischer.Tests-iOS";
				PRODUCT_NAME = "$(TARGET_NAME)";
				SDKROOT = iphoneos;
				SWIFT_VERSION = 5.0;
				TARGETED_DEVICE_FAMILY = "1,2";
				TEST_TARGET_NAME = "Morning Pages (iOS)";
			};
			name = Debug;
		};
		A0EE1A1226044F2200586065 /* Release */ = {
			isa = XCBuildConfiguration;
			baseConfigurationReference = A08ADF6129A714AB00B24FCD /* iOS Config.xcconfig */;
			buildSettings = {
				CODE_SIGN_STYLE = Automatic;
				DEVELOPMENT_TEAM = VSPR9WC4TQ;
				INFOPLIST_FILE = "Tests iOS/Info.plist";
				IPHONEOS_DEPLOYMENT_TARGET = 14.4;
				LD_RUNPATH_SEARCH_PATHS = (
					"$(inherited)",
					"@executable_path/Frameworks",
					"@loader_path/Frameworks",
				);
				PRODUCT_BUNDLE_IDENTIFIER = "com.lucas-fischer.Tests-iOS";
				PRODUCT_NAME = "$(TARGET_NAME)";
				SDKROOT = iphoneos;
				SWIFT_VERSION = 5.0;
				TARGETED_DEVICE_FAMILY = "1,2";
				TEST_TARGET_NAME = "Morning Pages (iOS)";
				VALIDATE_PRODUCT = YES;
			};
			name = Release;
		};
		A0EE1A1426044F2200586065 /* Debug */ = {
			isa = XCBuildConfiguration;
			baseConfigurationReference = A0C1214F288D76B500BB0B75 /* macOS Config.xcconfig */;
			buildSettings = {
				CODE_SIGN_STYLE = Automatic;
				COMBINE_HIDPI_IMAGES = YES;
				DEAD_CODE_STRIPPING = YES;
				DEVELOPMENT_TEAM = VSPR9WC4TQ;
				INFOPLIST_FILE = "Tests macOS/Info.plist";
				LD_RUNPATH_SEARCH_PATHS = (
					"$(inherited)",
					"@executable_path/../Frameworks",
					"@loader_path/../Frameworks",
				);
				MACOSX_DEPLOYMENT_TARGET = 11.0;
				PRODUCT_BUNDLE_IDENTIFIER = "com.lucas-fischer.Tests-macOS";
				PRODUCT_NAME = "$(TARGET_NAME)";
				SDKROOT = macosx;
				SWIFT_VERSION = 5.0;
				TEST_TARGET_NAME = "Morning Pages (macOS)";
			};
			name = Debug;
		};
		A0EE1A1526044F2200586065 /* Release */ = {
			isa = XCBuildConfiguration;
			baseConfigurationReference = A0C1214F288D76B500BB0B75 /* macOS Config.xcconfig */;
			buildSettings = {
				CODE_SIGN_STYLE = Automatic;
				COMBINE_HIDPI_IMAGES = YES;
				DEAD_CODE_STRIPPING = YES;
				DEVELOPMENT_TEAM = VSPR9WC4TQ;
				INFOPLIST_FILE = "Tests macOS/Info.plist";
				LD_RUNPATH_SEARCH_PATHS = (
					"$(inherited)",
					"@executable_path/../Frameworks",
					"@loader_path/../Frameworks",
				);
				MACOSX_DEPLOYMENT_TARGET = 11.0;
				PRODUCT_BUNDLE_IDENTIFIER = "com.lucas-fischer.Tests-macOS";
				PRODUCT_NAME = "$(TARGET_NAME)";
				SDKROOT = macosx;
				SWIFT_VERSION = 5.0;
				TEST_TARGET_NAME = "Morning Pages (macOS)";
			};
			name = Release;
		};
/* End XCBuildConfiguration section */

/* Begin XCConfigurationList section */
		A0EE19D726044F2000586065 /* Build configuration list for PBXProject "Pagi" */ = {
			isa = XCConfigurationList;
			buildConfigurations = (
				A0EE1A0826044F2200586065 /* Debug */,
				A0EE1A0926044F2200586065 /* Release */,
			);
			defaultConfigurationIsVisible = 0;
			defaultConfigurationName = Release;
		};
		A0EE1A0A26044F2200586065 /* Build configuration list for PBXNativeTarget "Pagi (iOS)" */ = {
			isa = XCConfigurationList;
			buildConfigurations = (
				A0EE1A0B26044F2200586065 /* Debug */,
				A0EE1A0C26044F2200586065 /* Release */,
			);
			defaultConfigurationIsVisible = 0;
			defaultConfigurationName = Release;
		};
		A0EE1A0D26044F2200586065 /* Build configuration list for PBXNativeTarget "Pagi (macOS)" */ = {
			isa = XCConfigurationList;
			buildConfigurations = (
				A0EE1A0E26044F2200586065 /* Debug */,
				A0EE1A0F26044F2200586065 /* Release */,
			);
			defaultConfigurationIsVisible = 0;
			defaultConfigurationName = Release;
		};
		A0EE1A1026044F2200586065 /* Build configuration list for PBXNativeTarget "Tests iOS" */ = {
			isa = XCConfigurationList;
			buildConfigurations = (
				A0EE1A1126044F2200586065 /* Debug */,
				A0EE1A1226044F2200586065 /* Release */,
			);
			defaultConfigurationIsVisible = 0;
			defaultConfigurationName = Release;
		};
		A0EE1A1326044F2200586065 /* Build configuration list for PBXNativeTarget "Tests macOS" */ = {
			isa = XCConfigurationList;
			buildConfigurations = (
				A0EE1A1426044F2200586065 /* Debug */,
				A0EE1A1526044F2200586065 /* Release */,
			);
			defaultConfigurationIsVisible = 0;
			defaultConfigurationName = Release;
		};
/* End XCConfigurationList section */
	};
	rootObject = A0EE19D426044F2000586065 /* Project object */;
}
